
Microsoft Visual Studio Solution File, Format Version 12.00
# Visual Studio Version 16
VisualStudioVersion = 16.0.34031.81
MinimumVisualStudioVersion = 10.0.40219.1
Project("{FAE04EC0-301F-11D3-BF4B-00C04F79EFBC}") = "EXAPRACTICO3", "EXAPRACTICO3\EXAPRACTICO3.csproj", "{FF066D57-BAC2-4344-AFCF-389D00B29265}"
EndProject
Global
	GlobalSection(SolutionConfigurationPlatforms) = preSolution
		Debug|Any CPU = Debug|Any CPU
		Release|Any CPU = Release|Any CPU
	EndGlobalSection
	GlobalSection(ProjectConfigurationPlatforms) = postSolution
		{FF066D57-BAC2-4344-AFCF-389D00B29265}.Debug|Any CPU.ActiveCfg = Debug|Any CPU
		{FF066D57-BAC2-4344-AFCF-389D00B29265}.Debug|Any CPU.Build.0 = Debug|Any CPU
		{FF066D57-BAC2-4344-AFCF-389D00B29265}.Release|Any CPU.ActiveCfg = Release|Any CPU
		{FF066D57-BAC2-4344-AFCF-389D00B29265}.Release|Any CPU.Build.0 = Release|Any CPU
	EndGlobalSection
	GlobalSection(SolutionProperties) = preSolution
		HideSolutionNode = FALSE
	EndGlobalSection
	GlobalSection(ExtensibilityGlobals) = postSolution
		SolutionGuid = {82F76BC5-614E-47DD-A2FF-3D47D3EAE9DD}
	EndGlobalSection
EndGlobal
